
Microsoft Visual Studio Solution File, Format Version 12.00
# Visual Studio 2012
Project("{FAE04EC0-301F-11D3-BF4B-00C04F79EFBC}") = "Drive Hider", "Drive Hider\Drive Hider.csproj", "{075F8820-FB1B-478F-BED0-17F462C6D9B3}"
EndProject
Global
	GlobalSection(SolutionConfigurationPlatforms) = preSolution
		Debug|Any CPU = Debug|Any CPU
		Release|Any CPU = Release|Any CPU
	EndGlobalSection
	GlobalSection(ProjectConfigurationPlatforms) = postSolution
		{075F8820-FB1B-478F-BED0-17F462C6D9B3}.Debug|Any CPU.ActiveCfg = Debug|Any CPU
		{075F8820-FB1B-478F-BED0-17F462C6D9B3}.Debug|Any CPU.Build.0 = Debug|Any CPU
		{075F8820-FB1B-478F-BED0-17F462C6D9B3}.Release|Any CPU.ActiveCfg = Release|Any CPU
		{075F8820-FB1B-478F-BED0-17F462C6D9B3}.Release|Any CPU.Build.0 = Release|Any CPU
	EndGlobalSection
	GlobalSection(SolutionProperties) = preSolution
		HideSolutionNode = FALSE
	EndGlobalSection
EndGlobal
